
Microsoft Visual Studio Solution File, Format Version 12.00
# Visual Studio Version 17
VisualStudioVersion = 17.8.34330.188
MinimumVisualStudioVersion = 10.0.40219.1
Project("{FAE04EC0-301F-11D3-BF4B-00C04F79EFBC}") = "WinFormsApp1", "WinFormsApp1\WinFormsApp1.csproj", "{2706932F-B3A3-41EB-958E-D4D3278214CB}"
EndProject
Global
	GlobalSection(SolutionConfigurationPlatforms) = preSolution
		Debug|Any CPU = Debug|Any CPU
		Release|Any CPU = Release|Any CPU
	EndGlobalSection
	GlobalSection(ProjectConfigurationPlatforms) = postSolution
		{2706932F-B3A3-41EB-958E-D4D3278214CB}.Debug|Any CPU.ActiveCfg = Debug|Any CPU
		{2706932F-B3A3-41EB-958E-D4D3278214CB}.Debug|Any CPU.Build.0 = Debug|Any CPU
		{2706932F-B3A3-41EB-958E-D4D3278214CB}.Release|Any CPU.ActiveCfg = Release|Any CPU
		{2706932F-B3A3-41EB-958E-D4D3278214CB}.Release|Any CPU.Build.0 = Release|Any CPU
	EndGlobalSection
	GlobalSection(SolutionProperties) = preSolution
		HideSolutionNode = FALSE
	EndGlobalSection
	GlobalSection(ExtensibilityGlobals) = postSolution
		SolutionGuid = {450D4BAF-E281-458B-A6B6-738D80783681}
	EndGlobalSection
EndGlobal
